// !$*UTF8*$!
{
	archiveVersion = 1;
	classes = {
	};
	objectVersion = 46;
	objects = {

/* Begin PBXBuildFile section */
		C5712BBE1E5DB37200CF856C /* AppDelegate.swift in Sources */ = {isa = PBXBuildFile; fileRef = C5712BBD1E5DB37200CF856C /* AppDelegate.swift */; };
		C5712BC31E5DB37200CF856C /* Main.storyboard in Resources */ = {isa = PBXBuildFile; fileRef = C5712BC11E5DB37200CF856C /* Main.storyboard */; };
		C5712BC51E5DB37200CF856C /* Assets.xcassets in Resources */ = {isa = PBXBuildFile; fileRef = C5712BC41E5DB37200CF856C /* Assets.xcassets */; };
		C5712BC81E5DB37200CF856C /* LaunchScreen.storyboard in Resources */ = {isa = PBXBuildFile; fileRef = C5712BC61E5DB37200CF856C /* LaunchScreen.storyboard */; };
		C5712BD51E5DB40C00CF856C /* InvisionProjectSpaceCollectionViewController.swift in Sources */ = {isa = PBXBuildFile; fileRef = C5712BD41E5DB40C00CF856C /* InvisionProjectSpaceCollectionViewController.swift */; };
		C5712BD71E5DB43700CF856C /* InvisionProjectSpaceCellView.swift in Sources */ = {isa = PBXBuildFile; fileRef = C5712BD61E5DB43700CF856C /* InvisionProjectSpaceCellView.swift */; };
		C5712BDC1E5DB45600CF856C /* InvisionCollectionViewLayout.swift in Sources */ = {isa = PBXBuildFile; fileRef = C5712BD81E5DB45600CF856C /* InvisionCollectionViewLayout.swift */; };
		C5712BDD1E5DB45600CF856C /* InvisionCollectionViewLayoutAttributes.swift in Sources */ = {isa = PBXBuildFile; fileRef = C5712BD91E5DB45600CF856C /* InvisionCollectionViewLayoutAttributes.swift */; };
		C5712BE11E5EFB6000CF856C /* InvisionProjectSpaceTransition.swift in Sources */ = {isa = PBXBuildFile; fileRef = C5712BE01E5EFB6000CF856C /* InvisionProjectSpaceTransition.swift */; };
		C5712BE31E5F031600CF856C /* InvisionProjectDetailViewController.swift in Sources */ = {isa = PBXBuildFile; fileRef = C5712BE21E5F031600CF856C /* InvisionProjectDetailViewController.swift */; };
		C5712BE51E609FD600CF856C /* CardView.swift in Sources */ = {isa = PBXBuildFile; fileRef = C5712BE41E609FD500CF856C /* CardView.swift */; };
/* End PBXBuildFile section */

/* Begin PBXFileReference section */
		C5712BBA1E5DB37200CF856C /* WAInvisionProjectSpaceExample.app */ = {isa = PBXFileReference; explicitFileType = wrapper.application; includeInIndex = 0; path = WAInvisionProjectSpaceExample.app; sourceTree = BUILT_PRODUCTS_DIR; };
		C5712BBD1E5DB37200CF856C /* AppDelegate.swift */ = {isa = PBXFileReference; lastKnownFileType = sourcecode.swift; path = AppDelegate.swift; sourceTree = "<group>"; };
		C5712BC21E5DB37200CF856C /* Base */ = {isa = PBXFileReference; lastKnownFileType = file.storyboard; name = Base; path = Base.lproj/Main.storyboard; sourceTree = "<group>"; };
		C5712BC41E5DB37200CF856C /* Assets.xcassets */ = {isa = PBXFileReference; lastKnownFileType = folder.assetcatalog; path = Assets.xcassets; sourceTree = "<group>"; };
		C5712BC71E5DB37200CF856C /* Base */ = {isa = PBXFileReference; lastKnownFileType = file.storyboard; name = Base; path = Base.lproj/LaunchScreen.storyboard; sourceTree = "<group>"; };
		C5712BC91E5DB37200CF856C /* Info.plist */ = {isa = PBXFileReference; lastKnownFileType = text.plist.xml; path = Info.plist; sourceTree = "<group>"; };
		C5712BD41E5DB40C00CF856C /* InvisionProjectSpaceCollectionViewController.swift */ = {isa = PBXFileReference; fileEncoding = 4; lastKnownFileType = sourcecode.swift; path = InvisionProjectSpaceCollectionViewController.swift; sourceTree = "<group>"; };
		C5712BD61E5DB43700CF856C /* InvisionProjectSpaceCellView.swift */ = {isa = PBXFileReference; fileEncoding = 4; lastKnownFileType = sourcecode.swift; path = InvisionProjectSpaceCellView.swift; sourceTree = "<group>"; };
		C5712BD81E5DB45600CF856C /* InvisionCollectionViewLayout.swift */ = {isa = PBXFileReference; fileEncoding = 4; lastKnownFileType = sourcecode.swift; path = InvisionCollectionViewLayout.swift; sourceTree = "<group>"; };
		C5712BD91E5DB45600CF856C /* InvisionCollectionViewLayoutAttributes.swift */ = {isa = PBXFileReference; fileEncoding = 4; lastKnownFileType = sourcecode.swift; path = InvisionCollectionViewLayoutAttributes.swift; sourceTree = "<group>"; };
		C5712BE01E5EFB6000CF856C /* InvisionProjectSpaceTransition.swift */ = {isa = PBXFileReference; fileEncoding = 4; lastKnownFileType = sourcecode.swift; path = InvisionProjectSpaceTransition.swift; sourceTree = "<group>"; };
		C5712BE21E5F031600CF856C /* InvisionProjectDetailViewController.swift */ = {isa = PBXFileReference; fileEncoding = 4; lastKnownFileType = sourcecode.swift; path = InvisionProjectDetailViewController.swift; sourceTree = "<group>"; };
		C5712BE41E609FD500CF856C /* CardView.swift */ = {isa = PBXFileReference; fileEncoding = 4; lastKnownFileType = sourcecode.swift; path = CardView.swift; sourceTree = "<group>"; };
/* End PBXFileReference section */

/* Begin PBXFrameworksBuildPhase section */
		C5712BB71E5DB37200CF856C /* Frameworks */ = {
			isa = PBXFrameworksBuildPhase;
			buildActionMask = 2147483647;
			files = (
			);
			runOnlyForDeploymentPostprocessing = 0;
		};
/* End PBXFrameworksBuildPhase section */

/* Begin PBXGroup section */
		C5712BB11E5DB37200CF856C = {
			isa = PBXGroup;
			children = (
				C5712BBC1E5DB37200CF856C /* WAInvisionProjectSpaceExample */,
				C5712BBB1E5DB37200CF856C /* Products */,
			);
			sourceTree = "<group>";
		};
		C5712BBB1E5DB37200CF856C /* Products */ = {
			isa = PBXGroup;
			children = (
				C5712BBA1E5DB37200CF856C /* WAInvisionProjectSpaceExample.app */,
			);
			name = Products;
			sourceTree = "<group>";
		};
		C5712BBC1E5DB37200CF856C /* WAInvisionProjectSpaceExample */ = {
			isa = PBXGroup;
			children = (
				C5712BCF1E5DB39A00CF856C /* WAInvisionProjectSpace */,
				C5712BBD1E5DB37200CF856C /* AppDelegate.swift */,
				C5712BE21E5F031600CF856C /* InvisionProjectDetailViewController.swift */,
				C5712BD41E5DB40C00CF856C /* InvisionProjectSpaceCollectionViewController.swift */,
				C5712BD61E5DB43700CF856C /* InvisionProjectSpaceCellView.swift */,
				C5712BE41E609FD500CF856C /* CardView.swift */,
				C5712BC11E5DB37200CF856C /* Main.storyboard */,
				C5712BC41E5DB37200CF856C /* Assets.xcassets */,
				C5712BC61E5DB37200CF856C /* LaunchScreen.storyboard */,
				C5712BC91E5DB37200CF856C /* Info.plist */,
			);
			path = WAInvisionProjectSpaceExample;
			sourceTree = "<group>";
		};
		C5712BCF1E5DB39A00CF856C /* WAInvisionProjectSpace */ = {
			isa = PBXGroup;
			children = (
				C5712BD81E5DB45600CF856C /* InvisionCollectionViewLayout.swift */,
				C5712BD91E5DB45600CF856C /* InvisionCollectionViewLayoutAttributes.swift */,
				C5712BE01E5EFB6000CF856C /* InvisionProjectSpaceTransition.swift */,
			);
			path = WAInvisionProjectSpace;
			sourceTree = SOURCE_ROOT;
		};
/* End PBXGroup section */

/* Begin PBXNativeTarget section */
		C5712BB91E5DB37200CF856C /* WAInvisionProjectSpaceExample */ = {
			isa = PBXNativeTarget;
			buildConfigurationList = C5712BCC1E5DB37200CF856C /* Build configuration list for PBXNativeTarget "WAInvisionProjectSpaceExample" */;
			buildPhases = (
				C5712BB61E5DB37200CF856C /* Sources */,
				C5712BB71E5DB37200CF856C /* Frameworks */,
				C5712BB81E5DB37200CF856C /* Resources */,
			);
			buildRules = (
			);
			dependencies = (
			);
			name = WAInvisionProjectSpaceExample;
			productName = WAInvisionProjectSpaceExample;
			productReference = C5712BBA1E5DB37200CF856C /* WAInvisionProjectSpaceExample.app */;
			productType = "com.apple.product-type.application";
		};
/* End PBXNativeTarget section */

/* Begin PBXProject section */
		C5712BB21E5DB37200CF856C /* Project object */ = {
			isa = PBXProject;
			attributes = {
				LastSwiftUpdateCheck = 0820;
				LastUpgradeCheck = 0820;
				ORGANIZATIONNAME = "Wendy Abrantes";
				TargetAttributes = {
					C5712BB91E5DB37200CF856C = {
						CreatedOnToolsVersion = 8.2.1;
						DevelopmentTeam = JZ27PM2DFE;
						ProvisioningStyle = Automatic;
					};
				};
			};
			buildConfigurationList = C5712BB51E5DB37200CF856C /* Build configuration list for PBXProject "WAInvisionProjectSpaceExample" */;
			compatibilityVersion = "Xcode 3.2";
			developmentRegion = English;
			hasScannedForEncodings = 0;
			knownRegions = (
				en,
				Base,
			);
			mainGroup = C5712BB11E5DB37200CF856C;
			productRefGroup = C5712BBB1E5DB37200CF856C /* Products */;
			projectDirPath = "";
			projectRoot = "";
			targets = (
				C5712BB91E5DB37200CF856C /* WAInvisionProjectSpaceExample */,
			);
		};
/* End PBXProject section */

/* Begin PBXResourcesBuildPhase section */
		C5712BB81E5DB37200CF856C /* Resources */ = {
			isa = PBXResourcesBuildPhase;
			buildActionMask = 2147483647;
			files = (
				C5712BC81E5DB37200CF856C /* LaunchScreen.storyboard in Resources */,
				C5712BC51E5DB37200CF856C /* Assets.xcassets in Resources */,
				C5712BC31E5DB37200CF856C /* Main.storyboard in Resources */,
			);
			runOnlyForDeploymentPostprocessing = 0;
		};
/* End PBXResourcesBuildPhase section */

/* Begin PBXSourcesBuildPhase section */
		C5712BB61E5DB37200CF856C /* Sources */ = {
			isa = PBXSourcesBuildPhase;
			buildActionMask = 2147483647;
			files = (
				C5712BD51E5DB40C00CF856C /* InvisionProjectSpaceCollectionViewController.swift in Sources */,
				C5712BE31E5F031600CF856C /* InvisionProjectDetailViewController.swift in Sources */,
				C5712BD71E5DB43700CF856C /* InvisionProjectSpaceCellView.swift in Sources */,
				C5712BE11E5EFB6000CF856C /* InvisionProjectSpaceTransition.swift in Sources */,
				C5712BDC1E5DB45600CF856C /* InvisionCollectionViewLayout.swift in Sources */,
				C5712BDD1E5DB45600CF856C /* InvisionCollectionViewLayoutAttributes.swift in Sources */,
				C5712BE51E609FD600CF856C /* CardView.swift in Sources */,
				C5712BBE1E5DB37200CF856C /* AppDelegate.swift in Sources */,
			);
			runOnlyForDeploymentPostprocessing = 0;
		};
/* End PBXSourcesBuildPhase section */

/* Begin PBXVariantGroup section */
		C5712BC11E5DB37200CF856C /* Main.storyboard */ = {
			isa = PBXVariantGroup;
			children = (
				C5712BC21E5DB37200CF856C /* Base */,
			);
			name = Main.storyboard;
			sourceTree = "<group>";
		};
		C5712BC61E5DB37200CF856C /* LaunchScreen.storyboard */ = {
			isa = PBXVariantGroup;
			children = (
				C5712BC71E5DB37200CF856C /* Base */,
			);
			name = LaunchScreen.storyboard;
			sourceTree = "<group>";
		};
/* End PBXVariantGroup section */

/* Begin XCBuildConfiguration section */
		C5712BCA1E5DB37200CF856C /* Debug */ = {
			isa = XCBuildConfiguration;
			buildSettings = {
				ALWAYS_SEARCH_USER_PATHS = NO;
				CLANG_ANALYZER_NONNULL = YES;
				CLANG_CXX_LANGUAGE_STANDARD = "gnu++0x";
				CLANG_CXX_LIBRARY = "libc++";
				CLANG_ENABLE_MODULES = YES;
				CLANG_ENABLE_OBJC_ARC = YES;
				CLANG_WARN_BOOL_CONVERSION = YES;
				CLANG_WARN_CONSTANT_CONVERSION = YES;
				CLANG_WARN_DIRECT_OBJC_ISA_USAGE = YES_ERROR;
				CLANG_WARN_DOCUMENTATION_COMMENTS = YES;
				CLANG_WARN_EMPTY_BODY = YES;
				CLANG_WARN_ENUM_CONVERSION = YES;
				CLANG_WARN_INFINITE_RECURSION = YES;
				CLANG_WARN_INT_CONVERSION = YES;
				CLANG_WARN_OBJC_ROOT_CLASS = YES_ERROR;
				CLANG_WARN_SUSPICIOUS_MOVE = YES;
				CLANG_WARN_UNREACHABLE_CODE = YES;
				CLANG_WARN__DUPLICATE_METHOD_MATCH = YES;
				"CODE_SIGN_IDENTITY[sdk=iphoneos*]" = "iPhone Developer";
				COPY_PHASE_STRIP = NO;
				DEBUG_INFORMATION_FORMAT = dwarf;
				ENABLE_STRICT_OBJC_MSGSEND = YES;
				ENABLE_TESTABILITY = YES;
				GCC_C_LANGUAGE_STANDARD = gnu99;
				GCC_DYNAMIC_NO_PIC = NO;
				GCC_NO_COMMON_BLOCKS = YES;
				GCC_OPTIMIZATION_LEVEL = 0;
				GCC_PREPROCESSOR_DEFINITIONS = (
					"DEBUG=1",
					"$(inherited)",
				);
				GCC_WARN_64_TO_32_BIT_CONVERSION = YES;
				GCC_WARN_ABOUT_RETURN_TYPE = YES_ERROR;
				GCC_WARN_UNDECLARED_SELECTOR = YES;
				GCC_WARN_UNINITIALIZED_AUTOS = YES_AGGRESSIVE;
				GCC_WARN_UNUSED_FUNCTION = YES;
				GCC_WARN_UNUSED_VARIABLE = YES;
				IPHONEOS_DEPLOYMENT_TARGET = 10.2;
				MTL_ENABLE_DEBUG_INFO = YES;
				ONLY_ACTIVE_ARCH = YES;
				SDKROOT = iphoneos;
				SWIFT_ACTIVE_COMPILATION_CONDITIONS = DEBUG;
				SWIFT_OPTIMIZATION_LEVEL = "-Onone";
			};
			name = Debug;
		};
		C5712BCB1E5DB37200CF856C /* Release */ = {
			isa = XCBuildConfiguration;
			buildSettings = {
				ALWAYS_SEARCH_USER_PATHS = NO;
				CLANG_ANALYZER_NONNULL = YES;
				CLANG_CXX_LANGUAGE_STANDARD = "gnu++0x";
				CLANG_CXX_LIBRARY = "libc++";
				CLANG_ENABLE_MODULES = YES;
				CLANG_ENABLE_OBJC_ARC = YES;
				CLANG_WARN_BOOL_CONVERSION = YES;
				CLANG_WARN_CONSTANT_CONVERSION = YES;
				CLANG_WARN_DIRECT_OBJC_ISA_USAGE = YES_ERROR;
				CLANG_WARN_DOCUMENTATION_COMMENTS = YES;
				CLANG_WARN_EMPTY_BODY = YES;
				CLANG_WARN_ENUM_CONVERSION = YES;
				CLANG_WARN_INFINITE_RECURSION = YES;
				CLANG_WARN_INT_CONVERSION = YES;
				CLANG_WARN_OBJC_ROOT_CLASS = YES_ERROR;
				CLANG_WARN_SUSPICIOUS_MOVE = YES;
				CLANG_WARN_UNREACHABLE_CODE = YES;
				CLANG_WARN__DUPLICATE_METHOD_MATCH = YES;
				"CODE_SIGN_IDENTITY[sdk=iphoneos*]" = "iPhone Developer";
				COPY_PHASE_STRIP = NO;
				DEBUG_INFORMATION_FORMAT = "dwarf-with-dsym";
				ENABLE_NS_ASSERTIONS = NO;
				ENABLE_STRICT_OBJC_MSGSEND = YES;
				GCC_C_LANGUAGE_STANDARD = gnu99;
				GCC_NO_COMMON_BLOCKS = YES;
				GCC_WARN_64_TO_32_BIT_CONVERSION = YES;
				GCC_WARN_ABOUT_RETURN_TYPE = YES_ERROR;
				GCC_WARN_UNDECLARED_SELECTOR = YES;
				GCC_WARN_UNINITIALIZED_AUTOS = YES_AGGRESSIVE;
				GCC_WARN_UNUSED_FUNCTION = YES;
				GCC_WARN_UNUSED_VARIABLE = YES;
				IPHONEOS_DEPLOYMENT_TARGET = 10.2;
				MTL_ENABLE_DEBUG_INFO = NO;
				SDKROOT = iphoneos;
				SWIFT_OPTIMIZATION_LEVEL = "-Owholemodule";
				VALIDATE_PRODUCT = YES;
			};
			name = Release;
		};
		C5712BCD1E5DB37200CF856C /* Debug */ = {
			isa = XCBuildConfiguration;
			buildSettings = {
				ASSETCATALOG_COMPILER_APPICON_NAME = AppIcon;
				DEVELOPMENT_TEAM = JZ27PM2DFE;
				INFOPLIST_FILE = WAInvisionProjectSpaceExample/Info.plist;
				LD_RUNPATH_SEARCH_PATHS = "$(inherited) @executable_path/Frameworks";
				PRODUCT_BUNDLE_IDENTIFIER = com.wenders.WAInvisionProjectSpaceExample;
				PRODUCT_NAME = "$(TARGET_NAME)";
				SWIFT_VERSION = 3.0;
			};
			name = Debug;
		};
		C5712BCE1E5DB37200CF856C /* Release */ = {
			isa = XCBuildConfiguration;
			buildSettings = {
				ASSETCATALOG_COMPILER_APPICON_NAME = AppIcon;
				DEVELOPMENT_TEAM = JZ27PM2DFE;
				INFOPLIST_FILE = WAInvisionProjectSpaceExample/Info.plist;
				LD_RUNPATH_SEARCH_PATHS = "$(inherited) @executable_path/Frameworks";
				PRODUCT_BUNDLE_IDENTIFIER = com.wenders.WAInvisionProjectSpaceExample;
				PRODUCT_NAME = "$(TARGET_NAME)";
				SWIFT_VERSION = 3.0;
			};
			name = Release;
		};
/* End XCBuildConfiguration section */

/* Begin XCConfigurationList section */
		C5712BB51E5DB37200CF856C /* Build configuration list for PBXProject "WAInvisionProjectSpaceExample" */ = {
			isa = XCConfigurationList;
			buildConfigurations = (
				C5712BCA1E5DB37200CF856C /* Debug */,
				C5712BCB1E5DB37200CF856C /* Release */,
			);
			defaultConfigurationIsVisible = 0;
			defaultConfigurationName = Release;
		};
		C5712BCC1E5DB37200CF856C /* Build configuration list for PBXNativeTarget "WAInvisionProjectSpaceExample" */ = {
			isa = XCConfigurationList;
			buildConfigurations = (
				C5712BCD1E5DB37200CF856C /* Debug */,
				C5712BCE1E5DB37200CF856C /* Release */,
			);
			defaultConfigurationIsVisible = 0;
		};
/* End XCConfigurationList section */
	};
	rootObject = C5712BB21E5DB37200CF856C /* Project object */;
}
